{
  "name": "@dillonchr/domget",
  "version": "1.1.0",
  "lockfileVersion": 1,
  "requires": true,
  "dependencies": {
    "@dillonchr/fetch": {
      "version": "1.0.1",
      "resolved": "https://registry.npmjs.org/@dillonchr/fetch/-/fetch-1.0.1.tgz",
      "integrity": "sha512-p6uHr19b5Sd4x6rImkU1285Q/fWo/QgamYDlVd1i6I7zJbYO/76wnRel9KcuJcGacyaR5Xw7MPy2GvVnB+HpNw=="
    },
    "he": {
      "version": "1.1.1",
      "resolved": "https://registry.npmjs.org/he/-/he-1.1.1.tgz",
      "integrity": "sha1-k0EP0hsAlzUVH4howvJx80J+I/0="
    },
    "node-html-parser": {
      "version": "1.1.6",
      "resolved": "https://registry.npmjs.org/node-html-parser/-/node-html-parser-1.1.6.tgz",
      "integrity": "sha512-3eod8sQ5gSycATIrlYbBFglWPsfSH47SHKzFVhyUIGAFPY6U5+1AravXOfGFautM5DCV0uN5K3UJd7pAKIQaBg==",
      "requires": {
        "he": "^1.1.1"
      }
    }
  }
}
